{
  "name": "ags",
  "lockfileVersion": 3,
  "requires": true,
  "packages": {
    "": {
      "devDependencies": {
        "typescript": "^5.7.3"
      }
    },
    "../../../../usr/share/ags/js": {
      "name": "ags",
      "version": "3.0.0",
      "extraneous": true,
      "license": "LGPL-2.1",
      "os": [
        "linux"
      ],
      "devDependencies": {
        "@eslint/js": "latest",
        "eslint": "latest",
        "typescript": "latest",
        "typescript-eslint": "latest"
      },
      "engines": {
        "gjs": ">=1.79.0"
      },
      "funding": {
        "type": "kofi",
        "url": "https://ko-fi.com/aylur"
      }
    },
    "node_modules/typescript": {
      "version": "5.7.3",
      "resolved": "https://registry.npmjs.org/typescript/-/typescript-5.7.3.tgz",
      "integrity": "sha512-84MVSjMEHP+FQRPy3pX9sTVV/INIex71s9TL2Gm5FG/WG1SqXeKyZ0k7/blY/4FdOzI12CBy1vGc4og/eus0fw==",
      "dev": true,
      "license": "Apache-2.0",
      "bin": {
        "tsc": "bin/tsc",
        "tsserver": "bin/tsserver"
      },
      "engines": {
        "node": ">=14.17"
      }
    }
  }
}
